{
  "name": "Project-I",
  "lockfileVersion": 3,
  "requires": true,
  "packages": {
    "": {
      "dependencies": {
        "flowbite": "^2.3.0",
        "i18n-locales": "^0.0.5",
        "jquery": "^3.7.1"
      }
    },
    "node_modules/@ladjs/country-language": {
      "version": "0.2.1",
      "resolved": "https://registry.npmjs.org/@ladjs/country-language/-/country-language-0.2.1.tgz",
      "integrity": "sha512-e3AmT7jUnfNE6e2mx2+cPYiWdFW3McySDGRhQEYE6SksjZTMj0PTp+R9x1xG89tHRTsyMNJFl9J4HtZPWZzi1Q==",
      "dependencies": {
        "underscore": "~1.13.1",
        "underscore.deep": "~0.5.1"
      },
      "engines": {
        "node": "*"
      }
    },
    "node_modules/@popperjs/core": {
      "version": "2.11.8",
      "resolved": "https://registry.npmjs.org/@popperjs/core/-/core-2.11.8.tgz",
      "integrity": "sha512-P1st0aksCrn9sGZhp8GMYwBnQsbvAWsZAX44oXNNvLHGqAOcoVxmjZiohstwQ7SqKnbR47akdNi+uleWD8+g6A==",
      "funding": {
        "type": "opencollective",
        "url": "https://opencollective.com/popperjs"
      }
    },
    "node_modules/flowbite": {
      "version": "2.3.0",
      "resolved": "https://registry.npmjs.org/flowbite/-/flowbite-2.3.0.tgz",
      "integrity": "sha512-pm3JRo8OIJHGfFYWgaGpPv8E+UdWy0Z3gEAGufw+G/1dusaU/P1zoBLiQpf2/+bYAi+GBQtPVG86KYlV0W+AFQ==",
      "dependencies": {
        "@popperjs/core": "^2.9.3",
        "mini-svg-data-uri": "^1.4.3"
      }
    },
    "node_modules/i18n-locales": {
      "version": "0.0.5",
      "resolved": "https://registry.npmjs.org/i18n-locales/-/i18n-locales-0.0.5.tgz",
      "integrity": "sha512-Kve1AHy6rqyfJHPy8MIvaKBKhHhHPXV+a/TgMkjp3UBhO3gfWR40ZQn8Xy7LI6g3FhmbvkFtv+GCZy6yvuyeHQ==",
      "dependencies": {
        "@ladjs/country-language": "^0.2.1"
      }
    },
    "node_modules/jquery": {
      "version": "3.7.1",
      "resolved": "https://registry.npmjs.org/jquery/-/jquery-3.7.1.tgz",
      "integrity": "sha512-m4avr8yL8kmFN8psrbFFFmB/If14iN5o9nw/NgnnM+kybDJpRsAynV2BsfpTYrTRysYUdADVD7CkUUizgkpLfg=="
    },
    "node_modules/mini-svg-data-uri": {
      "version": "1.4.4",
      "resolved": "https://registry.npmjs.org/mini-svg-data-uri/-/mini-svg-data-uri-1.4.4.tgz",
      "integrity": "sha512-r9deDe9p5FJUPZAk3A59wGH7Ii9YrjjWw0jmw/liSbHl2CHiyXj6FcDXDu2K3TjVAXqiJdaw3xxwlZZr9E6nHg==",
      "bin": {
        "mini-svg-data-uri": "cli.js"
      }
    },
    "node_modules/underscore": {
      "version": "1.13.6",
      "resolved": "https://registry.npmjs.org/underscore/-/underscore-1.13.6.tgz",
      "integrity": "sha512-+A5Sja4HP1M08MaXya7p5LvjuM7K6q/2EaC0+iovj/wOcMsTzMvDFbasi/oSapiwOlt252IqsKqPjCl7huKS0A=="
    },
    "node_modules/underscore.deep": {
      "version": "0.5.3",
      "resolved": "https://registry.npmjs.org/underscore.deep/-/underscore.deep-0.5.3.tgz",
      "integrity": "sha512-4OuSOlFNkiVFVc3khkeG112Pdu1gbitMj7t9B9ENb61uFmN70Jq7Iluhi3oflcSgexkKfDdJ5XAJET2gEq6ikA==",
      "engines": {
        "node": ">=0.10.x"
      },
      "peerDependencies": {
        "underscore": "1.x"
      }
    }
  }
}
